
Microsoft Visual Studio Solution File, Format Version 12.00
# Visual Studio 15
VisualStudioVersion = 15.0.26730.15
MinimumVisualStudioVersion = 10.0.40219.1
Project("{FAE04EC0-301F-11D3-BF4B-00C04F79EFBC}") = "FloydSteinberg", "FloydSteinberg\FloydSteinberg.csproj", "{45B530AA-9A58-4E17-8005-35BF23ADCD5D}"
EndProject
Global
	GlobalSection(SolutionConfigurationPlatforms) = preSolution
		Debug|Any CPU = Debug|Any CPU
		Release|Any CPU = Release|Any CPU
	EndGlobalSection
	GlobalSection(ProjectConfigurationPlatforms) = postSolution
		{45B530AA-9A58-4E17-8005-35BF23ADCD5D}.Debug|Any CPU.ActiveCfg = Debug|Any CPU
		{45B530AA-9A58-4E17-8005-35BF23ADCD5D}.Debug|Any CPU.Build.0 = Debug|Any CPU
		{45B530AA-9A58-4E17-8005-35BF23ADCD5D}.Release|Any CPU.ActiveCfg = Release|Any CPU
		{45B530AA-9A58-4E17-8005-35BF23ADCD5D}.Release|Any CPU.Build.0 = Release|Any CPU
	EndGlobalSection
	GlobalSection(SolutionProperties) = preSolution
		HideSolutionNode = FALSE
	EndGlobalSection
	GlobalSection(ExtensibilityGlobals) = postSolution
		SolutionGuid = {4658A9A3-00BB-4729-BC47-2765F3A5D6D8}
	EndGlobalSection
EndGlobal
